
Microsoft Visual Studio Solution File, Format Version 12.00
# Visual Studio 15
VisualStudioVersion = 15.0.28010.2048
MinimumVisualStudioVersion = 10.0.40219.1
Project("{FAE04EC0-301F-11D3-BF4B-00C04F79EFBC}") = "Schmidt_PlanChecker", "Schmidt_PlanChecker\Schmidt_PlanChecker.csproj", "{0CBDD028-2AB0-495B-8503-81DBA70193D4}"
EndProject
Global
	GlobalSection(SolutionConfigurationPlatforms) = preSolution
		Debug|Any CPU = Debug|Any CPU
		Debug|x64 = Debug|x64
		Release|Any CPU = Release|Any CPU
		Release|x64 = Release|x64
	EndGlobalSection
	GlobalSection(ProjectConfigurationPlatforms) = postSolution
		{0CBDD028-2AB0-495B-8503-81DBA70193D4}.Debug|Any CPU.ActiveCfg = Debug|Any CPU
		{0CBDD028-2AB0-495B-8503-81DBA70193D4}.Debug|Any CPU.Build.0 = Debug|Any CPU
		{0CBDD028-2AB0-495B-8503-81DBA70193D4}.Debug|x64.ActiveCfg = Debug|x64
		{0CBDD028-2AB0-495B-8503-81DBA70193D4}.Debug|x64.Build.0 = Debug|x64
		{0CBDD028-2AB0-495B-8503-81DBA70193D4}.Release|Any CPU.ActiveCfg = Release|Any CPU
		{0CBDD028-2AB0-495B-8503-81DBA70193D4}.Release|Any CPU.Build.0 = Release|Any CPU
		{0CBDD028-2AB0-495B-8503-81DBA70193D4}.Release|x64.ActiveCfg = Release|x64
		{0CBDD028-2AB0-495B-8503-81DBA70193D4}.Release|x64.Build.0 = Release|x64
	EndGlobalSection
	GlobalSection(SolutionProperties) = preSolution
		HideSolutionNode = FALSE
	EndGlobalSection
	GlobalSection(ExtensibilityGlobals) = postSolution
		SolutionGuid = {963777D9-4E1F-4094-BF08-A3AB0D0CB716}
	EndGlobalSection
EndGlobal
